
Microsoft Visual Studio Solution File, Format Version 12.00
# Visual Studio Version 16
VisualStudioVersion = 16.0.29519.181
MinimumVisualStudioVersion = 10.0.40219.1
Project("{FAE04EC0-301F-11D3-BF4B-00C04F79EFBC}") = "ALE_filter", "ALE_filter.csproj", "{7B3299FA-D871-4AB7-BFB4-14E1B0B4E837}"
EndProject
Global
	GlobalSection(SolutionConfigurationPlatforms) = preSolution
		Debug|Any CPU = Debug|Any CPU
		Release|Any CPU = Release|Any CPU
	EndGlobalSection
	GlobalSection(ProjectConfigurationPlatforms) = postSolution
		{7B3299FA-D871-4AB7-BFB4-14E1B0B4E837}.Debug|Any CPU.ActiveCfg = Debug|Any CPU
		{7B3299FA-D871-4AB7-BFB4-14E1B0B4E837}.Debug|Any CPU.Build.0 = Debug|Any CPU
		{7B3299FA-D871-4AB7-BFB4-14E1B0B4E837}.Release|Any CPU.ActiveCfg = Release|Any CPU
		{7B3299FA-D871-4AB7-BFB4-14E1B0B4E837}.Release|Any CPU.Build.0 = Release|Any CPU
	EndGlobalSection
	GlobalSection(SolutionProperties) = preSolution
		HideSolutionNode = FALSE
	EndGlobalSection
	GlobalSection(ExtensibilityGlobals) = postSolution
		SolutionGuid = {E9D7F30A-6911-4B7F-A96E-54C13096318E}
	EndGlobalSection
EndGlobal
